{
    "name": "meteor_docker",
    "lockfileVersion": 3,
    "requires": true,
    "packages": {
        "": {
            "name": "meteor_docker",
            "dependencies": {
                "@babel/runtime": "^7.28.4",
                "bootstrap": "^3.4.1",
                "codemirror": "^5.65.20",
                "cytoscape": "^2.7.29",
                "jquery": "^3.7.1",
                "sweetalert2": "^11.26.17"
            }
        },
        "node_modules/@babel/runtime": {
            "version": "7.28.6",
            "resolved": "https://registry.npmjs.org/@babel/runtime/-/runtime-7.28.6.tgz",
            "integrity": "sha512-05WQkdpL9COIMz4LjTxGpPNCdlpyimKppYNoJ5Di5EUObifl8t4tuLuUBBZEpoLYOmfvIWrsp9fCl0HoPRVTdA==",
            "license": "MIT",
            "engines": {
                "node": ">=6.9.0"
            }
        },
        "node_modules/bootstrap": {
            "version": "3.4.1",
            "resolved": "https://registry.npmjs.org/bootstrap/-/bootstrap-3.4.1.tgz",
            "integrity": "sha512-yN5oZVmRCwe5aKwzRj6736nSmKDX7pLYwsXiCj/EYmo16hODaBiT4En5btW/jhBF/seV+XMx3aYwukYC3A49DA==",
            "deprecated": "This version of Bootstrap is no longer supported. Please upgrade to the latest version.",
            "license": "MIT",
            "engines": {
                "node": ">=6"
            }
        },
        "node_modules/codemirror": {
            "version": "5.65.20",
            "resolved": "https://registry.npmjs.org/codemirror/-/codemirror-5.65.20.tgz",
            "integrity": "sha512-i5dLDDxwkFCbhjvL2pNjShsojoL3XHyDwsGv1jqETUoW+lzpBKKqNTUWgQwVAOa0tUm4BwekT455ujafi8payA=="
        },
        "node_modules/cytoscape": {
            "version": "2.7.29",
            "resolved": "https://registry.npmjs.org/cytoscape/-/cytoscape-2.7.29.tgz",
            "integrity": "sha512-Od1Q6813qAM1nReYtc8Jjsbu/TN2fMkSgVCyMT1ABdiQroxtj9sVS2XUUsnWzjHY8zwTAFtuVg89XBg/E+2qEA==",
            "engines": {
                "node": ">=0.6"
            }
        },
        "node_modules/jquery": {
            "version": "3.7.1",
            "resolved": "https://registry.npmjs.org/jquery/-/jquery-3.7.1.tgz",
            "integrity": "sha512-m4avr8yL8kmFN8psrbFFFmB/If14iN5o9nw/NgnnM+kybDJpRsAynV2BsfpTYrTRysYUdADVD7CkUUizgkpLfg==",
            "license": "MIT"
        },
        "node_modules/sweetalert2": {
            "version": "11.26.17",
            "resolved": "https://registry.npmjs.org/sweetalert2/-/sweetalert2-11.26.17.tgz",
            "integrity": "sha512-kkaySn1IRfwNlf9AkZVqDmBINDWw9NRR6Ij0O5dBRBOD1+mbtZJWxxR9/pA90nce9E5tIIkJ7SWij4rMWXtA1g==",
            "license": "MIT",
            "funding": {
                "type": "individual",
                "url": "https://github.com/sponsors/limonte"
            }
        }
    }
}
